
Microsoft Visual Studio Solution File, Format Version 12.00
# Visual Studio Version 16
VisualStudioVersion = 16.0.30204.135
MinimumVisualStudioVersion = 10.0.40219.1
Project("{FAE04EC0-301F-11D3-BF4B-00C04F79EFBC}") = "DAL", "DAL\DAL.csproj", "{22393CD0-760B-4DAB-A135-446A13168B44}"
EndProject
Project("{FAE04EC0-301F-11D3-BF4B-00C04F79EFBC}") = "Models", "Models\Models.csproj", "{351E39F0-8B3D-454C-A062-C13715988E0A}"
EndProject
Project("{FAE04EC0-301F-11D3-BF4B-00C04F79EFBC}") = "API", "API\API.csproj", "{F80C3551-596A-4BC8-9EA8-B1D9DA7664EB}"
EndProject
Project("{FAE04EC0-301F-11D3-BF4B-00C04F79EFBC}") = "BL", "BL\BL.csproj", "{DA986A1A-85F9-42D3-8628-B08A1513BCF1}"
EndProject
Global
	GlobalSection(SolutionConfigurationPlatforms) = preSolution
		Debug|Any CPU = Debug|Any CPU
		Release|Any CPU = Release|Any CPU
	EndGlobalSection
	GlobalSection(ProjectConfigurationPlatforms) = postSolution
		{22393CD0-760B-4DAB-A135-446A13168B44}.Debug|Any CPU.ActiveCfg = Debug|Any CPU
		{22393CD0-760B-4DAB-A135-446A13168B44}.Debug|Any CPU.Build.0 = Debug|Any CPU
		{22393CD0-760B-4DAB-A135-446A13168B44}.Release|Any CPU.ActiveCfg = Release|Any CPU
		{22393CD0-760B-4DAB-A135-446A13168B44}.Release|Any CPU.Build.0 = Release|Any CPU
		{351E39F0-8B3D-454C-A062-C13715988E0A}.Debug|Any CPU.ActiveCfg = Debug|Any CPU
		{351E39F0-8B3D-454C-A062-C13715988E0A}.Debug|Any CPU.Build.0 = Debug|Any CPU
		{351E39F0-8B3D-454C-A062-C13715988E0A}.Release|Any CPU.ActiveCfg = Release|Any CPU
		{351E39F0-8B3D-454C-A062-C13715988E0A}.Release|Any CPU.Build.0 = Release|Any CPU
		{F80C3551-596A-4BC8-9EA8-B1D9DA7664EB}.Debug|Any CPU.ActiveCfg = Debug|Any CPU
		{F80C3551-596A-4BC8-9EA8-B1D9DA7664EB}.Debug|Any CPU.Build.0 = Debug|Any CPU
		{F80C3551-596A-4BC8-9EA8-B1D9DA7664EB}.Release|Any CPU.ActiveCfg = Release|Any CPU
		{F80C3551-596A-4BC8-9EA8-B1D9DA7664EB}.Release|Any CPU.Build.0 = Release|Any CPU
		{DA986A1A-85F9-42D3-8628-B08A1513BCF1}.Debug|Any CPU.ActiveCfg = Debug|Any CPU
		{DA986A1A-85F9-42D3-8628-B08A1513BCF1}.Debug|Any CPU.Build.0 = Debug|Any CPU
		{DA986A1A-85F9-42D3-8628-B08A1513BCF1}.Release|Any CPU.ActiveCfg = Release|Any CPU
		{DA986A1A-85F9-42D3-8628-B08A1513BCF1}.Release|Any CPU.Build.0 = Release|Any CPU
	EndGlobalSection
	GlobalSection(SolutionProperties) = preSolution
		HideSolutionNode = FALSE
	EndGlobalSection
	GlobalSection(ExtensibilityGlobals) = postSolution
		SolutionGuid = {3EEFA7FE-B89B-42D7-AD03-2FE604C8E3C9}
	EndGlobalSection
EndGlobal
